
Microsoft Visual Studio Solution File, Format Version 12.00
# Visual Studio 2013
VisualStudioVersion = 12.0.21005.1
MinimumVisualStudioVersion = 10.0.40219.1
Project("{FAE04EC0-301F-11D3-BF4B-00C04F79EFBC}") = "BusinessObject", "..\BusinessObject\BusinessObject.csproj", "{2744896D-2A89-4F7D-A47B-AD1EAB007D69}"
EndProject
Project("{FAE04EC0-301F-11D3-BF4B-00C04F79EFBC}") = "BusinessObject.SqlDataProvider", "..\BusinessObject.SqlProvider\BusinessObject.SqlDataProvider.csproj", "{13457072-B54E-4A6F-97F8-7FBB2C73BEB0}"
EndProject
Project("{E24C65DC-7377-472B-9ABA-BC803B73C61A}") = "Medyx(2)", "..\Medyx", "{1FD8C9F1-3633-4515-8A75-DA3CA5122F34}"
	ProjectSection(WebsiteProperties) = preProject
		SccProjectName = "SAK"
		SccAuxPath = "SAK"
		SccLocalPath = "SAK"
		SccProvider = "SAK"
		TargetFrameworkMoniker = ".NETFramework,Version%3Dv4.5"
		Debug.AspNetCompiler.VirtualPath = "/Medyx"
		Debug.AspNetCompiler.PhysicalPath = "..\Medyx\"
		Debug.AspNetCompiler.TargetPath = "PrecompiledWeb\Medyx\"
		Debug.AspNetCompiler.Updateable = "true"
		Debug.AspNetCompiler.ForceOverwrite = "true"
		Debug.AspNetCompiler.FixedNames = "false"
		Debug.AspNetCompiler.Debug = "True"
		Release.AspNetCompiler.VirtualPath = "/Medyx"
		Release.AspNetCompiler.PhysicalPath = "..\Medyx\"
		Release.AspNetCompiler.TargetPath = "PrecompiledWeb\Medyx\"
		Release.AspNetCompiler.Updateable = "true"
		Release.AspNetCompiler.ForceOverwrite = "true"
		Release.AspNetCompiler.FixedNames = "false"
		Release.AspNetCompiler.Debug = "False"
		VWDPort = "65125"
		VWDDynamicPort = "false"
	EndProjectSection
EndProject
Global
	GlobalSection(SolutionConfigurationPlatforms) = preSolution
		Debug|Any CPU = Debug|Any CPU
		Debug|x86 = Debug|x86
		Release|Any CPU = Release|Any CPU
		Release|x86 = Release|x86
	EndGlobalSection
	GlobalSection(ProjectConfigurationPlatforms) = postSolution
		{2744896D-2A89-4F7D-A47B-AD1EAB007D69}.Debug|Any CPU.ActiveCfg = Debug|Any CPU
		{2744896D-2A89-4F7D-A47B-AD1EAB007D69}.Debug|Any CPU.Build.0 = Debug|Any CPU
		{2744896D-2A89-4F7D-A47B-AD1EAB007D69}.Debug|x86.ActiveCfg = Debug|Any CPU
		{2744896D-2A89-4F7D-A47B-AD1EAB007D69}.Release|Any CPU.ActiveCfg = Release|Any CPU
		{2744896D-2A89-4F7D-A47B-AD1EAB007D69}.Release|Any CPU.Build.0 = Release|Any CPU
		{2744896D-2A89-4F7D-A47B-AD1EAB007D69}.Release|x86.ActiveCfg = Release|Any CPU
		{13457072-B54E-4A6F-97F8-7FBB2C73BEB0}.Debug|Any CPU.ActiveCfg = Debug|Any CPU
		{13457072-B54E-4A6F-97F8-7FBB2C73BEB0}.Debug|Any CPU.Build.0 = Debug|Any CPU
		{13457072-B54E-4A6F-97F8-7FBB2C73BEB0}.Debug|x86.ActiveCfg = Debug|Any CPU
		{13457072-B54E-4A6F-97F8-7FBB2C73BEB0}.Release|Any CPU.ActiveCfg = Release|Any CPU
		{13457072-B54E-4A6F-97F8-7FBB2C73BEB0}.Release|Any CPU.Build.0 = Release|Any CPU
		{13457072-B54E-4A6F-97F8-7FBB2C73BEB0}.Release|x86.ActiveCfg = Release|Any CPU
		{1FD8C9F1-3633-4515-8A75-DA3CA5122F34}.Debug|Any CPU.ActiveCfg = Debug|Any CPU
		{1FD8C9F1-3633-4515-8A75-DA3CA5122F34}.Debug|Any CPU.Build.0 = Debug|Any CPU
		{1FD8C9F1-3633-4515-8A75-DA3CA5122F34}.Debug|x86.ActiveCfg = Debug|Any CPU
		{1FD8C9F1-3633-4515-8A75-DA3CA5122F34}.Release|Any CPU.ActiveCfg = Debug|Any CPU
		{1FD8C9F1-3633-4515-8A75-DA3CA5122F34}.Release|Any CPU.Build.0 = Debug|Any CPU
		{1FD8C9F1-3633-4515-8A75-DA3CA5122F34}.Release|x86.ActiveCfg = Debug|Any CPU
	EndGlobalSection
	GlobalSection(SolutionProperties) = preSolution
		HideSolutionNode = FALSE
	EndGlobalSection
EndGlobal
